
Microsoft Visual Studio Solution File, Format Version 12.00
# Visual Studio Version 17
VisualStudioVersion = 17.8.34330.188
MinimumVisualStudioVersion = 10.0.40219.1
Project("{9A19103F-16F7-4668-BE54-9A1E7A4F7556}") = "RacingGame", "RacingGame\RacingGame.csproj", "{4E82AB75-28B3-40D2-A490-A632A92E663D}"
EndProject
Project("{9A19103F-16F7-4668-BE54-9A1E7A4F7556}") = "GameLogic", "GameLogic\GameLogic.csproj", "{2CD8F42F-1B84-47F2-A550-5E291CB07E1E}"
EndProject
Project("{9A19103F-16F7-4668-BE54-9A1E7A4F7556}") = "Emmentaler", "Emmentaler\Emmentaler.csproj", "{3BE6DBE7-4E0F-4C81-8E7C-A6D225293A8A}"
EndProject
Project("{9A19103F-16F7-4668-BE54-9A1E7A4F7556}") = "RacingGameAI", "RacingGameAI\RacingGameAI.csproj", "{E79971A3-A0A3-4014-9B73-69CCB3E4546A}"
EndProject
Project("{9A19103F-16F7-4668-BE54-9A1E7A4F7556}") = "EmmentalerTests", "EmmentalerTests\EmmentalerTests.csproj", "{C1D8126F-7C6C-4B35-B67B-DCEA5D7B8A47}"
EndProject
Project("{9A19103F-16F7-4668-BE54-9A1E7A4F7556}") = "RacingGameAIWithBoost", "RacingGameAIWithBoost\RacingGameAIWithBoost.csproj", "{532C5A47-6308-4DA1-A6CF-C1CB68CE287A}"
EndProject
Project("{FAE04EC0-301F-11D3-BF4B-00C04F79EFBC}") = "EmmentalerTrainer", "EmmentalerTrainer\EmmentalerTrainer.csproj", "{7F8729D2-BB25-459F-B9A4-26F5E442731E}"
EndProject
Global
	GlobalSection(SolutionConfigurationPlatforms) = preSolution
		Debug|Any CPU = Debug|Any CPU
		Release|Any CPU = Release|Any CPU
	EndGlobalSection
	GlobalSection(ProjectConfigurationPlatforms) = postSolution
		{4E82AB75-28B3-40D2-A490-A632A92E663D}.Debug|Any CPU.ActiveCfg = Debug|Any CPU
		{4E82AB75-28B3-40D2-A490-A632A92E663D}.Debug|Any CPU.Build.0 = Debug|Any CPU
		{4E82AB75-28B3-40D2-A490-A632A92E663D}.Release|Any CPU.ActiveCfg = Release|Any CPU
		{4E82AB75-28B3-40D2-A490-A632A92E663D}.Release|Any CPU.Build.0 = Release|Any CPU
		{2CD8F42F-1B84-47F2-A550-5E291CB07E1E}.Debug|Any CPU.ActiveCfg = Debug|Any CPU
		{2CD8F42F-1B84-47F2-A550-5E291CB07E1E}.Debug|Any CPU.Build.0 = Debug|Any CPU
		{2CD8F42F-1B84-47F2-A550-5E291CB07E1E}.Release|Any CPU.ActiveCfg = Release|Any CPU
		{2CD8F42F-1B84-47F2-A550-5E291CB07E1E}.Release|Any CPU.Build.0 = Release|Any CPU
		{3BE6DBE7-4E0F-4C81-8E7C-A6D225293A8A}.Debug|Any CPU.ActiveCfg = Debug|Any CPU
		{3BE6DBE7-4E0F-4C81-8E7C-A6D225293A8A}.Debug|Any CPU.Build.0 = Debug|Any CPU
		{3BE6DBE7-4E0F-4C81-8E7C-A6D225293A8A}.Release|Any CPU.ActiveCfg = Release|Any CPU
		{3BE6DBE7-4E0F-4C81-8E7C-A6D225293A8A}.Release|Any CPU.Build.0 = Release|Any CPU
		{E79971A3-A0A3-4014-9B73-69CCB3E4546A}.Debug|Any CPU.ActiveCfg = Debug|Any CPU
		{E79971A3-A0A3-4014-9B73-69CCB3E4546A}.Debug|Any CPU.Build.0 = Debug|Any CPU
		{E79971A3-A0A3-4014-9B73-69CCB3E4546A}.Release|Any CPU.ActiveCfg = Release|Any CPU
		{E79971A3-A0A3-4014-9B73-69CCB3E4546A}.Release|Any CPU.Build.0 = Release|Any CPU
		{C1D8126F-7C6C-4B35-B67B-DCEA5D7B8A47}.Debug|Any CPU.ActiveCfg = Debug|Any CPU
		{C1D8126F-7C6C-4B35-B67B-DCEA5D7B8A47}.Debug|Any CPU.Build.0 = Debug|Any CPU
		{C1D8126F-7C6C-4B35-B67B-DCEA5D7B8A47}.Release|Any CPU.ActiveCfg = Release|Any CPU
		{C1D8126F-7C6C-4B35-B67B-DCEA5D7B8A47}.Release|Any CPU.Build.0 = Release|Any CPU
		{532C5A47-6308-4DA1-A6CF-C1CB68CE287A}.Debug|Any CPU.ActiveCfg = Debug|Any CPU
		{532C5A47-6308-4DA1-A6CF-C1CB68CE287A}.Debug|Any CPU.Build.0 = Debug|Any CPU
		{532C5A47-6308-4DA1-A6CF-C1CB68CE287A}.Release|Any CPU.ActiveCfg = Release|Any CPU
		{532C5A47-6308-4DA1-A6CF-C1CB68CE287A}.Release|Any CPU.Build.0 = Release|Any CPU
		{7F8729D2-BB25-459F-B9A4-26F5E442731E}.Debug|Any CPU.ActiveCfg = Debug|Any CPU
		{7F8729D2-BB25-459F-B9A4-26F5E442731E}.Debug|Any CPU.Build.0 = Debug|Any CPU
		{7F8729D2-BB25-459F-B9A4-26F5E442731E}.Release|Any CPU.ActiveCfg = Release|Any CPU
		{7F8729D2-BB25-459F-B9A4-26F5E442731E}.Release|Any CPU.Build.0 = Release|Any CPU
	EndGlobalSection
	GlobalSection(SolutionProperties) = preSolution
		HideSolutionNode = FALSE
	EndGlobalSection
	GlobalSection(ExtensibilityGlobals) = postSolution
		SolutionGuid = {1D77910D-2495-43DE-AC7F-9CB99A3B49E8}
	EndGlobalSection
EndGlobal
